
Microsoft Visual Studio Solution File, Format Version 12.00
# Visual Studio Version 16
VisualStudioVersion = 16.0.30114.105
MinimumVisualStudioVersion = 10.0.40219.1
Project("{2150E333-8FDC-42A3-9474-1A3956D46DE8}") = "src", "src", "{3683EFEB-5905-40CE-B034-DB0A83FA66F5}"
EndProject
Project("{FAE04EC0-301F-11D3-BF4B-00C04F79EFBC}") = "Main", "src\Main\Main.csproj", "{B6B8C8F5-E2EC-42AA-9BDF-8032CEF29958}"
EndProject
Project("{2150E333-8FDC-42A3-9474-1A3956D46DE8}") = "tests", "tests", "{0AB5CD25-F12A-47E0-A2F3-468B34316EDB}"
EndProject
Project("{FAE04EC0-301F-11D3-BF4B-00C04F79EFBC}") = "MainTests", "tests\MainTests\MainTests.csproj", "{B980C58F-79F6-4BC7-AF95-206A9E36732D}"
EndProject
Project("{FAE04EC0-301F-11D3-BF4B-00C04F79EFBC}") = "TypeConversion", "src\TypeConversion\TypeConversion.csproj", "{BD12C951-051F-4519-8352-12970332A2B4}"
EndProject
Project("{FAE04EC0-301F-11D3-BF4B-00C04F79EFBC}") = "Classes", "src\Classes\Classes.csproj", "{4CFE069D-5459-4CDB-BEA7-15DCF2A0D548}"
EndProject
Project("{FAE04EC0-301F-11D3-BF4B-00C04F79EFBC}") = "Arrays", "src\Arrays\Arrays.csproj", "{8B303C4A-4682-4057-A614-491761A7DDAA}"
EndProject
Project("{FAE04EC0-301F-11D3-BF4B-00C04F79EFBC}") = "Strings", "src\Strings\Strings.csproj", "{343ACD92-0E5A-43CF-876E-9F719F7F0CBD}"
EndProject
Project("{FAE04EC0-301F-11D3-BF4B-00C04F79EFBC}") = "Enums", "src\Enums\Enums.csproj", "{014744DA-2827-46B0-81AA-EB4A43E1BA58}"
EndProject
Project("{FAE04EC0-301F-11D3-BF4B-00C04F79EFBC}") = "ConditionalStms", "src\ConditionalStms\ConditionalStms.csproj", "{7B46E6A6-F734-4CCA-8F71-BBB505B39B66}"
EndProject
Project("{FAE04EC0-301F-11D3-BF4B-00C04F79EFBC}") = "Task1", "src\Task1\Task1.csproj", "{1789E1B7-389A-471F-A9CA-5DAEC5CA795E}"
EndProject
Project("{FAE04EC0-301F-11D3-BF4B-00C04F79EFBC}") = "Lists", "src\Lists\Lists.csproj", "{07E54AD5-404E-40B8-8DAB-287FAE76E519}"
EndProject
Project("{FAE04EC0-301F-11D3-BF4B-00C04F79EFBC}") = "Task2", "src\Task2\Task2.csproj", "{D43F870A-2468-4CFB-95F6-31C113B9EC0C}"
EndProject
Project("{FAE04EC0-301F-11D3-BF4B-00C04F79EFBC}") = "DateTime", "src\DateTime\DateTime.csproj", "{995C942D-86B1-4052-8C26-6B2CAF6B39FA}"
EndProject
Project("{FAE04EC0-301F-11D3-BF4B-00C04F79EFBC}") = "StringBuilder", "src\StringBuilder\StringBuilder.csproj", "{10128ADC-5D87-4363-AF18-58C0D1E754A7}"
EndProject
Global
	GlobalSection(SolutionConfigurationPlatforms) = preSolution
		Debug|Any CPU = Debug|Any CPU
		Release|Any CPU = Release|Any CPU
	EndGlobalSection
	GlobalSection(SolutionProperties) = preSolution
		HideSolutionNode = FALSE
	EndGlobalSection
	GlobalSection(ProjectConfigurationPlatforms) = postSolution
		{B6B8C8F5-E2EC-42AA-9BDF-8032CEF29958}.Debug|Any CPU.ActiveCfg = Debug|Any CPU
		{B6B8C8F5-E2EC-42AA-9BDF-8032CEF29958}.Debug|Any CPU.Build.0 = Debug|Any CPU
		{B6B8C8F5-E2EC-42AA-9BDF-8032CEF29958}.Release|Any CPU.ActiveCfg = Release|Any CPU
		{B6B8C8F5-E2EC-42AA-9BDF-8032CEF29958}.Release|Any CPU.Build.0 = Release|Any CPU
		{B980C58F-79F6-4BC7-AF95-206A9E36732D}.Debug|Any CPU.ActiveCfg = Debug|Any CPU
		{B980C58F-79F6-4BC7-AF95-206A9E36732D}.Debug|Any CPU.Build.0 = Debug|Any CPU
		{B980C58F-79F6-4BC7-AF95-206A9E36732D}.Release|Any CPU.ActiveCfg = Release|Any CPU
		{B980C58F-79F6-4BC7-AF95-206A9E36732D}.Release|Any CPU.Build.0 = Release|Any CPU
		{BD12C951-051F-4519-8352-12970332A2B4}.Debug|Any CPU.ActiveCfg = Debug|Any CPU
		{BD12C951-051F-4519-8352-12970332A2B4}.Debug|Any CPU.Build.0 = Debug|Any CPU
		{BD12C951-051F-4519-8352-12970332A2B4}.Release|Any CPU.ActiveCfg = Release|Any CPU
		{BD12C951-051F-4519-8352-12970332A2B4}.Release|Any CPU.Build.0 = Release|Any CPU
		{4CFE069D-5459-4CDB-BEA7-15DCF2A0D548}.Debug|Any CPU.ActiveCfg = Debug|Any CPU
		{4CFE069D-5459-4CDB-BEA7-15DCF2A0D548}.Debug|Any CPU.Build.0 = Debug|Any CPU
		{4CFE069D-5459-4CDB-BEA7-15DCF2A0D548}.Release|Any CPU.ActiveCfg = Release|Any CPU
		{4CFE069D-5459-4CDB-BEA7-15DCF2A0D548}.Release|Any CPU.Build.0 = Release|Any CPU
		{8B303C4A-4682-4057-A614-491761A7DDAA}.Debug|Any CPU.ActiveCfg = Debug|Any CPU
		{8B303C4A-4682-4057-A614-491761A7DDAA}.Debug|Any CPU.Build.0 = Debug|Any CPU
		{8B303C4A-4682-4057-A614-491761A7DDAA}.Release|Any CPU.ActiveCfg = Release|Any CPU
		{8B303C4A-4682-4057-A614-491761A7DDAA}.Release|Any CPU.Build.0 = Release|Any CPU
		{343ACD92-0E5A-43CF-876E-9F719F7F0CBD}.Debug|Any CPU.ActiveCfg = Debug|Any CPU
		{343ACD92-0E5A-43CF-876E-9F719F7F0CBD}.Debug|Any CPU.Build.0 = Debug|Any CPU
		{343ACD92-0E5A-43CF-876E-9F719F7F0CBD}.Release|Any CPU.ActiveCfg = Release|Any CPU
		{343ACD92-0E5A-43CF-876E-9F719F7F0CBD}.Release|Any CPU.Build.0 = Release|Any CPU
		{014744DA-2827-46B0-81AA-EB4A43E1BA58}.Debug|Any CPU.ActiveCfg = Debug|Any CPU
		{014744DA-2827-46B0-81AA-EB4A43E1BA58}.Debug|Any CPU.Build.0 = Debug|Any CPU
		{014744DA-2827-46B0-81AA-EB4A43E1BA58}.Release|Any CPU.ActiveCfg = Release|Any CPU
		{014744DA-2827-46B0-81AA-EB4A43E1BA58}.Release|Any CPU.Build.0 = Release|Any CPU
		{7B46E6A6-F734-4CCA-8F71-BBB505B39B66}.Debug|Any CPU.ActiveCfg = Debug|Any CPU
		{7B46E6A6-F734-4CCA-8F71-BBB505B39B66}.Debug|Any CPU.Build.0 = Debug|Any CPU
		{7B46E6A6-F734-4CCA-8F71-BBB505B39B66}.Release|Any CPU.ActiveCfg = Release|Any CPU
		{7B46E6A6-F734-4CCA-8F71-BBB505B39B66}.Release|Any CPU.Build.0 = Release|Any CPU
		{1789E1B7-389A-471F-A9CA-5DAEC5CA795E}.Debug|Any CPU.ActiveCfg = Debug|Any CPU
		{1789E1B7-389A-471F-A9CA-5DAEC5CA795E}.Debug|Any CPU.Build.0 = Debug|Any CPU
		{1789E1B7-389A-471F-A9CA-5DAEC5CA795E}.Release|Any CPU.ActiveCfg = Release|Any CPU
		{1789E1B7-389A-471F-A9CA-5DAEC5CA795E}.Release|Any CPU.Build.0 = Release|Any CPU
		{07E54AD5-404E-40B8-8DAB-287FAE76E519}.Debug|Any CPU.ActiveCfg = Debug|Any CPU
		{07E54AD5-404E-40B8-8DAB-287FAE76E519}.Debug|Any CPU.Build.0 = Debug|Any CPU
		{07E54AD5-404E-40B8-8DAB-287FAE76E519}.Release|Any CPU.ActiveCfg = Release|Any CPU
		{07E54AD5-404E-40B8-8DAB-287FAE76E519}.Release|Any CPU.Build.0 = Release|Any CPU
		{D43F870A-2468-4CFB-95F6-31C113B9EC0C}.Debug|Any CPU.ActiveCfg = Debug|Any CPU
		{D43F870A-2468-4CFB-95F6-31C113B9EC0C}.Debug|Any CPU.Build.0 = Debug|Any CPU
		{D43F870A-2468-4CFB-95F6-31C113B9EC0C}.Release|Any CPU.ActiveCfg = Release|Any CPU
		{D43F870A-2468-4CFB-95F6-31C113B9EC0C}.Release|Any CPU.Build.0 = Release|Any CPU
		{995C942D-86B1-4052-8C26-6B2CAF6B39FA}.Debug|Any CPU.ActiveCfg = Debug|Any CPU
		{995C942D-86B1-4052-8C26-6B2CAF6B39FA}.Debug|Any CPU.Build.0 = Debug|Any CPU
		{995C942D-86B1-4052-8C26-6B2CAF6B39FA}.Release|Any CPU.ActiveCfg = Release|Any CPU
		{995C942D-86B1-4052-8C26-6B2CAF6B39FA}.Release|Any CPU.Build.0 = Release|Any CPU
		{10128ADC-5D87-4363-AF18-58C0D1E754A7}.Debug|Any CPU.ActiveCfg = Debug|Any CPU
		{10128ADC-5D87-4363-AF18-58C0D1E754A7}.Debug|Any CPU.Build.0 = Debug|Any CPU
		{10128ADC-5D87-4363-AF18-58C0D1E754A7}.Release|Any CPU.ActiveCfg = Release|Any CPU
		{10128ADC-5D87-4363-AF18-58C0D1E754A7}.Release|Any CPU.Build.0 = Release|Any CPU
	EndGlobalSection
	GlobalSection(NestedProjects) = preSolution
		{B6B8C8F5-E2EC-42AA-9BDF-8032CEF29958} = {3683EFEB-5905-40CE-B034-DB0A83FA66F5}
		{B980C58F-79F6-4BC7-AF95-206A9E36732D} = {0AB5CD25-F12A-47E0-A2F3-468B34316EDB}
		{BD12C951-051F-4519-8352-12970332A2B4} = {3683EFEB-5905-40CE-B034-DB0A83FA66F5}
		{4CFE069D-5459-4CDB-BEA7-15DCF2A0D548} = {3683EFEB-5905-40CE-B034-DB0A83FA66F5}
		{8B303C4A-4682-4057-A614-491761A7DDAA} = {3683EFEB-5905-40CE-B034-DB0A83FA66F5}
		{343ACD92-0E5A-43CF-876E-9F719F7F0CBD} = {3683EFEB-5905-40CE-B034-DB0A83FA66F5}
		{014744DA-2827-46B0-81AA-EB4A43E1BA58} = {3683EFEB-5905-40CE-B034-DB0A83FA66F5}
		{7B46E6A6-F734-4CCA-8F71-BBB505B39B66} = {3683EFEB-5905-40CE-B034-DB0A83FA66F5}
		{1789E1B7-389A-471F-A9CA-5DAEC5CA795E} = {3683EFEB-5905-40CE-B034-DB0A83FA66F5}
		{07E54AD5-404E-40B8-8DAB-287FAE76E519} = {3683EFEB-5905-40CE-B034-DB0A83FA66F5}
		{D43F870A-2468-4CFB-95F6-31C113B9EC0C} = {3683EFEB-5905-40CE-B034-DB0A83FA66F5}
		{995C942D-86B1-4052-8C26-6B2CAF6B39FA} = {3683EFEB-5905-40CE-B034-DB0A83FA66F5}
		{10128ADC-5D87-4363-AF18-58C0D1E754A7} = {3683EFEB-5905-40CE-B034-DB0A83FA66F5}
	EndGlobalSection
EndGlobal
